
Microsoft Visual Studio Solution File, Format Version 12.00
# Visual Studio Version 16
VisualStudioVersion = 16.0.31129.286
MinimumVisualStudioVersion = 10.0.40219.1
Project("{FAE04EC0-301F-11D3-BF4B-00C04F79EFBC}") = "CRUDAPP.DATA", "CRUDAPP.DATA\CRUDAPP.DATA.csproj", "{DBD70C19-0912-414C-822E-7CB76317FFB7}"
EndProject
Project("{FAE04EC0-301F-11D3-BF4B-00C04F79EFBC}") = "CRUDAPP.ENTITIES", "CRUDAPP.ENTITIES\CRUDAPP.ENTITIES.csproj", "{8BA53735-6BB2-4BE0-9B26-ECA735C74CFA}"
EndProject
Project("{FAE04EC0-301F-11D3-BF4B-00C04F79EFBC}") = "CRUDAPP.COMMON", "CRUDAPP.COMMON\CRUDAPP.COMMON.csproj", "{97054FAF-D48D-4654-9D19-34E78DAA90FB}"
EndProject
Project("{FAE04EC0-301F-11D3-BF4B-00C04F79EFBC}") = "CRUDAPP.SERVICE", "CRUDAPP.SERVICE\CRUDAPP.SERVICE.csproj", "{C6EEBD9D-C7D1-43A8-8C79-8E89A7763A46}"
EndProject
Project("{FAE04EC0-301F-11D3-BF4B-00C04F79EFBC}") = "CRUDAPP.API", "CRUDAPP.API\CRUDAPP.API.csproj", "{E5B7CD1F-C6D0-4959-B3C0-781F16548C8D}"
EndProject
Global
	GlobalSection(SolutionConfigurationPlatforms) = preSolution
		Debug|Any CPU = Debug|Any CPU
		Release|Any CPU = Release|Any CPU
	EndGlobalSection
	GlobalSection(ProjectConfigurationPlatforms) = postSolution
		{DBD70C19-0912-414C-822E-7CB76317FFB7}.Debug|Any CPU.ActiveCfg = Debug|Any CPU
		{DBD70C19-0912-414C-822E-7CB76317FFB7}.Debug|Any CPU.Build.0 = Debug|Any CPU
		{DBD70C19-0912-414C-822E-7CB76317FFB7}.Release|Any CPU.ActiveCfg = Release|Any CPU
		{DBD70C19-0912-414C-822E-7CB76317FFB7}.Release|Any CPU.Build.0 = Release|Any CPU
		{8BA53735-6BB2-4BE0-9B26-ECA735C74CFA}.Debug|Any CPU.ActiveCfg = Debug|Any CPU
		{8BA53735-6BB2-4BE0-9B26-ECA735C74CFA}.Debug|Any CPU.Build.0 = Debug|Any CPU
		{8BA53735-6BB2-4BE0-9B26-ECA735C74CFA}.Release|Any CPU.ActiveCfg = Release|Any CPU
		{8BA53735-6BB2-4BE0-9B26-ECA735C74CFA}.Release|Any CPU.Build.0 = Release|Any CPU
		{97054FAF-D48D-4654-9D19-34E78DAA90FB}.Debug|Any CPU.ActiveCfg = Debug|Any CPU
		{97054FAF-D48D-4654-9D19-34E78DAA90FB}.Debug|Any CPU.Build.0 = Debug|Any CPU
		{97054FAF-D48D-4654-9D19-34E78DAA90FB}.Release|Any CPU.ActiveCfg = Release|Any CPU
		{97054FAF-D48D-4654-9D19-34E78DAA90FB}.Release|Any CPU.Build.0 = Release|Any CPU
		{C6EEBD9D-C7D1-43A8-8C79-8E89A7763A46}.Debug|Any CPU.ActiveCfg = Debug|Any CPU
		{C6EEBD9D-C7D1-43A8-8C79-8E89A7763A46}.Debug|Any CPU.Build.0 = Debug|Any CPU
		{C6EEBD9D-C7D1-43A8-8C79-8E89A7763A46}.Release|Any CPU.ActiveCfg = Release|Any CPU
		{C6EEBD9D-C7D1-43A8-8C79-8E89A7763A46}.Release|Any CPU.Build.0 = Release|Any CPU
		{E5B7CD1F-C6D0-4959-B3C0-781F16548C8D}.Debug|Any CPU.ActiveCfg = Debug|Any CPU
		{E5B7CD1F-C6D0-4959-B3C0-781F16548C8D}.Debug|Any CPU.Build.0 = Debug|Any CPU
		{E5B7CD1F-C6D0-4959-B3C0-781F16548C8D}.Release|Any CPU.ActiveCfg = Release|Any CPU
		{E5B7CD1F-C6D0-4959-B3C0-781F16548C8D}.Release|Any CPU.Build.0 = Release|Any CPU
	EndGlobalSection
	GlobalSection(SolutionProperties) = preSolution
		HideSolutionNode = FALSE
	EndGlobalSection
	GlobalSection(ExtensibilityGlobals) = postSolution
		SolutionGuid = {43C4EA55-E8E1-4062-A9C7-5D5C625C5ED2}
	EndGlobalSection
EndGlobal
